{
    "version": 3,
    "terraform_version": "0.7.9",
    "serial": 7,
    "lineage": "d896200e-4e70-43cc-9fde-68bdb75b174d",
    "modules": [
        {
            "path": [
                "root"
            ],
            "outputs": {},
            "resources": {
                "aws_dynamodb_table.basic-dynamodb-table": {
                    "type": "aws_dynamodb_table",
                    "depends_on": [],
                    "primary": {
                        "id": "tasks",
                        "attributes": {
                            "arn": "arn:aws:dynamodb:us-east-1:307997508224:table/tasks",
                            "attribute.#": "1",
                            "attribute.4228504427.name": "id",
                            "attribute.4228504427.type": "S",
                            "global_secondary_index.#": "0",
                            "hash_key": "id",
                            "id": "tasks",
                            "local_secondary_index.#": "0",
                            "name": "tasks",
                            "read_capacity": "20",
                            "write_capacity": "20"
                        },
                        "meta": {},
                        "tainted": false
                    },
                    "deposed": [],
                    "provider": ""
                },
                "aws_iam_role.lambda": {
                    "type": "aws_iam_role",
                    "depends_on": [],
                    "primary": {
                        "id": "lambda",
                        "attributes": {
                            "arn": "arn:aws:iam::307997508224:role/lambda",
                            "assume_role_policy": "{\n  \"Version\": \"2012-10-17\",\n  \"Statement\": [\n    {\n      \"Action\": \"sts:AssumeRole\",\n      \"Principal\": {\n        \"Service\": \"lambda.amazonaws.com\"\n      },\n      \"Effect\": \"Allow\",\n      \"Sid\": \"\"\n    }\n  ]\n}\n",
                            "id": "lambda",
                            "name": "lambda",
                            "path": "/",
                            "unique_id": "AROAJX7UAZK2QRKQ4XUJ2"
                        },
                        "meta": {},
                        "tainted": false
                    },
                    "deposed": [],
                    "provider": ""
                },
                "aws_lambda_function.add-task": {
                    "type": "aws_lambda_function",
                    "depends_on": [
                        "aws_iam_role.lambda"
                    ],
                    "primary": {
                        "id": "add-task",
                        "attributes": {
                            "arn": "arn:aws:lambda:us-east-1:307997508224:function:add-task",
                            "description": "",
                            "filename": "src/add-task.zip",
                            "function_name": "add-task",
                            "handler": "add-task.handler",
                            "id": "add-task",
                            "last_modified": "2016-11-16T06:23:53.633+0000",
                            "memory_size": "128",
                            "publish": "false",
                            "qualified_arn": "arn:aws:lambda:us-east-1:307997508224:function:add-task:$LATEST",
                            "role": "arn:aws:iam::307997508224:role/lambda",
                            "runtime": "nodejs4.3",
                            "source_code_hash": "lU6IwOS9J6bO5fOs9trX3ZzaPDgnZSGddnFHgt4w5/U=",
                            "timeout": "3",
                            "version": "$LATEST"
                        },
                        "meta": {},
                        "tainted": false
                    },
                    "deposed": [],
                    "provider": ""
                },
                "aws_lambda_function.daily": {
                    "type": "aws_lambda_function",
                    "depends_on": [
                        "aws_iam_role.lambda"
                    ],
                    "primary": {
                        "id": "daily",
                        "attributes": {
                            "arn": "arn:aws:lambda:us-east-1:307997508224:function:daily",
                            "description": "",
                            "filename": "src/daily.zip",
                            "function_name": "daily",
                            "handler": "daily.handler",
                            "id": "daily",
                            "last_modified": "2016-11-16T06:23:43.519+0000",
                            "memory_size": "128",
                            "publish": "false",
                            "qualified_arn": "arn:aws:lambda:us-east-1:307997508224:function:daily:$LATEST",
                            "role": "arn:aws:iam::307997508224:role/lambda",
                            "runtime": "nodejs4.3",
                            "source_code_hash": "xgeBhZRvWKh1wGqHHekk6XZUP65B2qN8tYTusC3MqY4=",
                            "timeout": "3",
                            "version": "$LATEST"
                        },
                        "meta": {},
                        "tainted": false
                    },
                    "deposed": [],
                    "provider": ""
                },
                "aws_lambda_function.delete-task": {
                    "type": "aws_lambda_function",
                    "depends_on": [
                        "aws_iam_role.lambda"
                    ],
                    "primary": {
                        "id": "delete-task",
                        "attributes": {
                            "arn": "arn:aws:lambda:us-east-1:307997508224:function:delete-task",
                            "description": "",
                            "filename": "src/delete-task.zip",
                            "function_name": "delete-task",
                            "handler": "delete-task.handler",
                            "id": "delete-task",
                            "last_modified": "2016-11-16T06:24:25.006+0000",
                            "memory_size": "128",
                            "publish": "false",
                            "qualified_arn": "arn:aws:lambda:us-east-1:307997508224:function:delete-task:$LATEST",
                            "role": "arn:aws:iam::307997508224:role/lambda",
                            "runtime": "nodejs4.3",
                            "source_code_hash": "8xZt9d/ZLQkiKNiESHFhmgD/l145IdtR1WJ8GDtMMmc=",
                            "timeout": "3",
                            "version": "$LATEST"
                        },
                        "meta": {},
                        "tainted": false
                    },
                    "deposed": [],
                    "provider": ""
                },
                "aws_lambda_function.list-task": {
                    "type": "aws_lambda_function",
                    "depends_on": [
                        "aws_iam_role.lambda"
                    ],
                    "primary": {
                        "id": "list-task",
                        "attributes": {
                            "arn": "arn:aws:lambda:us-east-1:307997508224:function:list-task",
                            "description": "",
                            "filename": "src/list-task.zip",
                            "function_name": "list-task",
                            "handler": "list-task.handler",
                            "id": "list-task",
                            "last_modified": "2016-11-16T06:24:15.068+0000",
                            "memory_size": "128",
                            "publish": "false",
                            "qualified_arn": "arn:aws:lambda:us-east-1:307997508224:function:list-task:$LATEST",
                            "role": "arn:aws:iam::307997508224:role/lambda",
                            "runtime": "nodejs4.3",
                            "source_code_hash": "YE5iRzWJvS+PXUovx3LzaZTeacrL6VlKaiIckE9Ityo=",
                            "timeout": "3",
                            "version": "$LATEST"
                        },
                        "meta": {},
                        "tainted": false
                    },
                    "deposed": [],
                    "provider": ""
                },
                "aws_lambda_function.update-task": {
                    "type": "aws_lambda_function",
                    "depends_on": [
                        "aws_iam_role.lambda"
                    ],
                    "primary": {
                        "id": "update-task",
                        "attributes": {
                            "arn": "arn:aws:lambda:us-east-1:307997508224:function:update-task",
                            "description": "",
                            "filename": "src/update-task.zip",
                            "function_name": "update-task",
                            "handler": "update-task.handler",
                            "id": "update-task",
                            "last_modified": "2016-11-16T06:24:03.662+0000",
                            "memory_size": "128",
                            "publish": "false",
                            "qualified_arn": "arn:aws:lambda:us-east-1:307997508224:function:update-task:$LATEST",
                            "role": "arn:aws:iam::307997508224:role/lambda",
                            "runtime": "nodejs4.3",
                            "source_code_hash": "GdK3H3uHOEoZR/T+7oUgScj+vJK5DFwKxSGAzI25NsI=",
                            "timeout": "3",
                            "version": "$LATEST"
                        },
                        "meta": {},
                        "tainted": false
                    },
                    "deposed": [],
                    "provider": ""
                }
            },
            "depends_on": []
        }
    ]
}
